// !$*UTF8*$!
{
	archiveVersion = 1;
	classes = {
	};
	objectVersion = 56;
	objects = {

/* Begin PBXBuildFile section */
		33BCE9DE295DABFD00F1C094 /* AppDelegate.m in Sources */ = {isa = PBXBuildFile; fileRef = 33BCE9DD295DABFD00F1C094 /* AppDelegate.m */; };
		33BCE9E1295DABFD00F1C094 /* SceneDelegate.m in Sources */ = {isa = PBXBuildFile; fileRef = 33BCE9E0295DABFD00F1C094 /* SceneDelegate.m */; };
		33BCE9E4295DABFD00F1C094 /* ViewController.m in Sources */ = {isa = PBXBuildFile; fileRef = 33BCE9E3295DABFD00F1C094 /* ViewController.m */; };
		33BCE9E7295DABFD00F1C094 /* Main.storyboard in Resources */ = {isa = PBXBuildFile; fileRef = 33BCE9E5295DABFD00F1C094 /* Main.storyboard */; };
		33BCE9E9295DABFE00F1C094 /* Assets.xcassets in Resources */ = {isa = PBXBuildFile; fileRef = 33BCE9E8295DABFE00F1C094 /* Assets.xcassets */; };
		33BCE9EC295DABFE00F1C094 /* LaunchScreen.storyboard in Resources */ = {isa = PBXBuildFile; fileRef = 33BCE9EA295DABFE00F1C094 /* LaunchScreen.storyboard */; };
		33BCE9EF295DABFE00F1C094 /* main.m in Sources */ = {isa = PBXBuildFile; fileRef = 33BCE9EE295DABFE00F1C094 /* main.m */; };
/* End PBXBuildFile section */

/* Begin PBXFileReference section */
		33BCE9D9295DABFD00F1C094 /* BMOUISearchController.app */ = {isa = PBXFileReference; explicitFileType = wrapper.application; includeInIndex = 0; path = BMOUISearchController.app; sourceTree = BUILT_PRODUCTS_DIR; };
		33BCE9DC295DABFD00F1C094 /* AppDelegate.h */ = {isa = PBXFileReference; lastKnownFileType = sourcecode.c.h; path = AppDelegate.h; sourceTree = "<group>"; };
		33BCE9DD295DABFD00F1C094 /* AppDelegate.m */ = {isa = PBXFileReference; lastKnownFileType = sourcecode.c.objc; path = AppDelegate.m; sourceTree = "<group>"; };
		33BCE9DF295DABFD00F1C094 /* SceneDelegate.h */ = {isa = PBXFileReference; lastKnownFileType = sourcecode.c.h; path = SceneDelegate.h; sourceTree = "<group>"; };
		33BCE9E0295DABFD00F1C094 /* SceneDelegate.m */ = {isa = PBXFileReference; lastKnownFileType = sourcecode.c.objc; path = SceneDelegate.m; sourceTree = "<group>"; };
		33BCE9E2295DABFD00F1C094 /* ViewController.h */ = {isa = PBXFileReference; lastKnownFileType = sourcecode.c.h; path = ViewController.h; sourceTree = "<group>"; };
		33BCE9E3295DABFD00F1C094 /* ViewController.m */ = {isa = PBXFileReference; lastKnownFileType = sourcecode.c.objc; path = ViewController.m; sourceTree = "<group>"; };
		33BCE9E6295DABFD00F1C094 /* Base */ = {isa = PBXFileReference; lastKnownFileType = file.storyboard; name = Base; path = Base.lproj/Main.storyboard; sourceTree = "<group>"; };
		33BCE9E8295DABFE00F1C094 /* Assets.xcassets */ = {isa = PBXFileReference; lastKnownFileType = folder.assetcatalog; path = Assets.xcassets; sourceTree = "<group>"; };
		33BCE9EB295DABFE00F1C094 /* Base */ = {isa = PBXFileReference; lastKnownFileType = file.storyboard; name = Base; path = Base.lproj/LaunchScreen.storyboard; sourceTree = "<group>"; };
		33BCE9ED295DABFE00F1C094 /* Info.plist */ = {isa = PBXFileReference; lastKnownFileType = text.plist.xml; path = Info.plist; sourceTree = "<group>"; };
		33BCE9EE295DABFE00F1C094 /* main.m */ = {isa = PBXFileReference; lastKnownFileType = sourcecode.c.objc; path = main.m; sourceTree = "<group>"; };
/* End PBXFileReference section */

/* Begin PBXFrameworksBuildPhase section */
		33BCE9D6295DABFD00F1C094 /* Frameworks */ = {
			isa = PBXFrameworksBuildPhase;
			buildActionMask = 2147483647;
			files = (
			);
			runOnlyForDeploymentPostprocessing = 0;
		};
/* End PBXFrameworksBuildPhase section */

/* Begin PBXGroup section */
		33BCE9D0295DABFD00F1C094 = {
			isa = PBXGroup;
			children = (
				33BCE9DB295DABFD00F1C094 /* BMOUISearchController */,
				33BCE9DA295DABFD00F1C094 /* Products */,
			);
			sourceTree = "<group>";
		};
		33BCE9DA295DABFD00F1C094 /* Products */ = {
			isa = PBXGroup;
			children = (
				33BCE9D9295DABFD00F1C094 /* BMOUISearchController.app */,
			);
			name = Products;
			sourceTree = "<group>";
		};
		33BCE9DB295DABFD00F1C094 /* BMOUISearchController */ = {
			isa = PBXGroup;
			children = (
				33BCE9DC295DABFD00F1C094 /* AppDelegate.h */,
				33BCE9DD295DABFD00F1C094 /* AppDelegate.m */,
				33BCE9DF295DABFD00F1C094 /* SceneDelegate.h */,
				33BCE9E0295DABFD00F1C094 /* SceneDelegate.m */,
				33BCE9E2295DABFD00F1C094 /* ViewController.h */,
				33BCE9E3295DABFD00F1C094 /* ViewController.m */,
				33BCE9E5295DABFD00F1C094 /* Main.storyboard */,
				33BCE9E8295DABFE00F1C094 /* Assets.xcassets */,
				33BCE9EA295DABFE00F1C094 /* LaunchScreen.storyboard */,
				33BCE9ED295DABFE00F1C094 /* Info.plist */,
				33BCE9EE295DABFE00F1C094 /* main.m */,
			);
			path = BMOUISearchController;
			sourceTree = "<group>";
		};
/* End PBXGroup section */

/* Begin PBXNativeTarget section */
		33BCE9D8295DABFD00F1C094 /* BMOUISearchController */ = {
			isa = PBXNativeTarget;
			buildConfigurationList = 33BCE9F2295DABFE00F1C094 /* Build configuration list for PBXNativeTarget "BMOUISearchController" */;
			buildPhases = (
				33BCE9D5295DABFD00F1C094 /* Sources */,
				33BCE9D6295DABFD00F1C094 /* Frameworks */,
				33BCE9D7295DABFD00F1C094 /* Resources */,
			);
			buildRules = (
			);
			dependencies = (
			);
			name = BMOUISearchController;
			productName = BMOUISearchController;
			productReference = 33BCE9D9295DABFD00F1C094 /* BMOUISearchController.app */;
			productType = "com.apple.product-type.application";
		};
/* End PBXNativeTarget section */

/* Begin PBXProject section */
		33BCE9D1295DABFD00F1C094 /* Project object */ = {
			isa = PBXProject;
			attributes = {
				BuildIndependentTargetsInParallel = 1;
				LastUpgradeCheck = 1420;
				TargetAttributes = {
					33BCE9D8295DABFD00F1C094 = {
						CreatedOnToolsVersion = 14.2;
					};
				};
			};
			buildConfigurationList = 33BCE9D4295DABFD00F1C094 /* Build configuration list for PBXProject "BMOUISearchController" */;
			compatibilityVersion = "Xcode 14.0";
			developmentRegion = en;
			hasScannedForEncodings = 0;
			knownRegions = (
				en,
				Base,
			);
			mainGroup = 33BCE9D0295DABFD00F1C094;
			productRefGroup = 33BCE9DA295DABFD00F1C094 /* Products */;
			projectDirPath = "";
			projectRoot = "";
			targets = (
				33BCE9D8295DABFD00F1C094 /* BMOUISearchController */,
			);
		};
/* End PBXProject section */

/* Begin PBXResourcesBuildPhase section */
		33BCE9D7295DABFD00F1C094 /* Resources */ = {
			isa = PBXResourcesBuildPhase;
			buildActionMask = 2147483647;
			files = (
				33BCE9EC295DABFE00F1C094 /* LaunchScreen.storyboard in Resources */,
				33BCE9E9295DABFE00F1C094 /* Assets.xcassets in Resources */,
				33BCE9E7295DABFD00F1C094 /* Main.storyboard in Resources */,
			);
			runOnlyForDeploymentPostprocessing = 0;
		};
/* End PBXResourcesBuildPhase section */

/* Begin PBXSourcesBuildPhase section */
		33BCE9D5295DABFD00F1C094 /* Sources */ = {
			isa = PBXSourcesBuildPhase;
			buildActionMask = 2147483647;
			files = (
				33BCE9E4295DABFD00F1C094 /* ViewController.m in Sources */,
				33BCE9DE295DABFD00F1C094 /* AppDelegate.m in Sources */,
				33BCE9EF295DABFE00F1C094 /* main.m in Sources */,
				33BCE9E1295DABFD00F1C094 /* SceneDelegate.m in Sources */,
			);
			runOnlyForDeploymentPostprocessing = 0;
		};
/* End PBXSourcesBuildPhase section */

/* Begin PBXVariantGroup section */
		33BCE9E5295DABFD00F1C094 /* Main.storyboard */ = {
			isa = PBXVariantGroup;
			children = (
				33BCE9E6295DABFD00F1C094 /* Base */,
			);
			name = Main.storyboard;
			sourceTree = "<group>";
		};
		33BCE9EA295DABFE00F1C094 /* LaunchScreen.storyboard */ = {
			isa = PBXVariantGroup;
			children = (
				33BCE9EB295DABFE00F1C094 /* Base */,
			);
			name = LaunchScreen.storyboard;
			sourceTree = "<group>";
		};
/* End PBXVariantGroup section */

/* Begin XCBuildConfiguration section */
		33BCE9F0295DABFE00F1C094 /* Debug */ = {
			isa = XCBuildConfiguration;
			buildSettings = {
				ALWAYS_SEARCH_USER_PATHS = NO;
				CLANG_ANALYZER_NONNULL = YES;
				CLANG_ANALYZER_NUMBER_OBJECT_CONVERSION = YES_AGGRESSIVE;
				CLANG_CXX_LANGUAGE_STANDARD = "gnu++20";
				CLANG_ENABLE_MODULES = YES;
				CLANG_ENABLE_OBJC_ARC = YES;
				CLANG_ENABLE_OBJC_WEAK = YES;
				CLANG_WARN_BLOCK_CAPTURE_AUTORELEASING = YES;
				CLANG_WARN_BOOL_CONVERSION = YES;
				CLANG_WARN_COMMA = YES;
				CLANG_WARN_CONSTANT_CONVERSION = YES;
				CLANG_WARN_DEPRECATED_OBJC_IMPLEMENTATIONS = YES;
				CLANG_WARN_DIRECT_OBJC_ISA_USAGE = YES_ERROR;
				CLANG_WARN_DOCUMENTATION_COMMENTS = YES;
				CLANG_WARN_EMPTY_BODY = YES;
				CLANG_WARN_ENUM_CONVERSION = YES;
				CLANG_WARN_INFINITE_RECURSION = YES;
				CLANG_WARN_INT_CONVERSION = YES;
				CLANG_WARN_NON_LITERAL_NULL_CONVERSION = YES;
				CLANG_WARN_OBJC_IMPLICIT_RETAIN_SELF = YES;
				CLANG_WARN_OBJC_LITERAL_CONVERSION = YES;
				CLANG_WARN_OBJC_ROOT_CLASS = YES_ERROR;
				CLANG_WARN_QUOTED_INCLUDE_IN_FRAMEWORK_HEADER = YES;
				CLANG_WARN_RANGE_LOOP_ANALYSIS = YES;
				CLANG_WARN_STRICT_PROTOTYPES = YES;
				CLANG_WARN_SUSPICIOUS_MOVE = YES;
				CLANG_WARN_UNGUARDED_AVAILABILITY = YES_AGGRESSIVE;
				CLANG_WARN_UNREACHABLE_CODE = YES;
				CLANG_WARN__DUPLICATE_METHOD_MATCH = YES;
				COPY_PHASE_STRIP = NO;
				DEBUG_INFORMATION_FORMAT = dwarf;
				ENABLE_STRICT_OBJC_MSGSEND = YES;
				ENABLE_TESTABILITY = YES;
				GCC_C_LANGUAGE_STANDARD = gnu11;
				GCC_DYNAMIC_NO_PIC = NO;
				GCC_NO_COMMON_BLOCKS = YES;
				GCC_OPTIMIZATION_LEVEL = 0;
				GCC_PREPROCESSOR_DEFINITIONS = (
					"DEBUG=1",
					"$(inherited)",
				);
				GCC_WARN_64_TO_32_BIT_CONVERSION = YES;
				GCC_WARN_ABOUT_RETURN_TYPE = YES_ERROR;
				GCC_WARN_UNDECLARED_SELECTOR = YES;
				GCC_WARN_UNINITIALIZED_AUTOS = YES_AGGRESSIVE;
				GCC_WARN_UNUSED_FUNCTION = YES;
				GCC_WARN_UNUSED_VARIABLE = YES;
				IPHONEOS_DEPLOYMENT_TARGET = 16.2;
				MTL_ENABLE_DEBUG_INFO = INCLUDE_SOURCE;
				MTL_FAST_MATH = YES;
				ONLY_ACTIVE_ARCH = YES;
				SDKROOT = iphoneos;
			};
			name = Debug;
		};
		33BCE9F1295DABFE00F1C094 /* Release */ = {
			isa = XCBuildConfiguration;
			buildSettings = {
				ALWAYS_SEARCH_USER_PATHS = NO;
				CLANG_ANALYZER_NONNULL = YES;
				CLANG_ANALYZER_NUMBER_OBJECT_CONVERSION = YES_AGGRESSIVE;
				CLANG_CXX_LANGUAGE_STANDARD = "gnu++20";
				CLANG_ENABLE_MODULES = YES;
				CLANG_ENABLE_OBJC_ARC = YES;
				CLANG_ENABLE_OBJC_WEAK = YES;
				CLANG_WARN_BLOCK_CAPTURE_AUTORELEASING = YES;
				CLANG_WARN_BOOL_CONVERSION = YES;
				CLANG_WARN_COMMA = YES;
				CLANG_WARN_CONSTANT_CONVERSION = YES;
				CLANG_WARN_DEPRECATED_OBJC_IMPLEMENTATIONS = YES;
				CLANG_WARN_DIRECT_OBJC_ISA_USAGE = YES_ERROR;
				CLANG_WARN_DOCUMENTATION_COMMENTS = YES;
				CLANG_WARN_EMPTY_BODY = YES;
				CLANG_WARN_ENUM_CONVERSION = YES;
				CLANG_WARN_INFINITE_RECURSION = YES;
				CLANG_WARN_INT_CONVERSION = YES;
				CLANG_WARN_NON_LITERAL_NULL_CONVERSION = YES;
				CLANG_WARN_OBJC_IMPLICIT_RETAIN_SELF = YES;
				CLANG_WARN_OBJC_LITERAL_CONVERSION = YES;
				CLANG_WARN_OBJC_ROOT_CLASS = YES_ERROR;
				CLANG_WARN_QUOTED_INCLUDE_IN_FRAMEWORK_HEADER = YES;
				CLANG_WARN_RANGE_LOOP_ANALYSIS = YES;
				CLANG_WARN_STRICT_PROTOTYPES = YES;
				CLANG_WARN_SUSPICIOUS_MOVE = YES;
				CLANG_WARN_UNGUARDED_AVAILABILITY = YES_AGGRESSIVE;
				CLANG_WARN_UNREACHABLE_CODE = YES;
				CLANG_WARN__DUPLICATE_METHOD_MATCH = YES;
				COPY_PHASE_STRIP = NO;
				DEBUG_INFORMATION_FORMAT = "dwarf-with-dsym";
				ENABLE_NS_ASSERTIONS = NO;
				ENABLE_STRICT_OBJC_MSGSEND = YES;
				GCC_C_LANGUAGE_STANDARD = gnu11;
				GCC_NO_COMMON_BLOCKS = YES;
				GCC_WARN_64_TO_32_BIT_CONVERSION = YES;
				GCC_WARN_ABOUT_RETURN_TYPE = YES_ERROR;
				GCC_WARN_UNDECLARED_SELECTOR = YES;
				GCC_WARN_UNINITIALIZED_AUTOS = YES_AGGRESSIVE;
				GCC_WARN_UNUSED_FUNCTION = YES;
				GCC_WARN_UNUSED_VARIABLE = YES;
				IPHONEOS_DEPLOYMENT_TARGET = 16.2;
				MTL_ENABLE_DEBUG_INFO = NO;
				MTL_FAST_MATH = YES;
				SDKROOT = iphoneos;
				VALIDATE_PRODUCT = YES;
			};
			name = Release;
		};
		33BCE9F3295DABFE00F1C094 /* Debug */ = {
			isa = XCBuildConfiguration;
			buildSettings = {
				ASSETCATALOG_COMPILER_APPICON_NAME = AppIcon;
				ASSETCATALOG_COMPILER_GLOBAL_ACCENT_COLOR_NAME = AccentColor;
				CODE_SIGN_STYLE = Automatic;
				CURRENT_PROJECT_VERSION = 1;
				DEVELOPMENT_TEAM = L5RH7482C6;
				GENERATE_INFOPLIST_FILE = YES;
				INFOPLIST_FILE = BMOUISearchController/Info.plist;
				INFOPLIST_KEY_UIApplicationSupportsIndirectInputEvents = YES;
				INFOPLIST_KEY_UILaunchStoryboardName = LaunchScreen;
				INFOPLIST_KEY_UIMainStoryboardFile = Main;
				INFOPLIST_KEY_UISupportedInterfaceOrientations_iPad = "UIInterfaceOrientationPortrait UIInterfaceOrientationPortraitUpsideDown UIInterfaceOrientationLandscapeLeft UIInterfaceOrientationLandscapeRight";
				INFOPLIST_KEY_UISupportedInterfaceOrientations_iPhone = "UIInterfaceOrientationPortrait UIInterfaceOrientationLandscapeLeft UIInterfaceOrientationLandscapeRight";
				IPHONEOS_DEPLOYMENT_TARGET = 13.0;
				LD_RUNPATH_SEARCH_PATHS = (
					"$(inherited)",
					"@executable_path/Frameworks",
				);
				MARKETING_VERSION = 1.0;
				PRODUCT_BUNDLE_IDENTIFIER = com.ProgramasBMO.BMOUISearchController;
				PRODUCT_NAME = "$(TARGET_NAME)";
				SWIFT_EMIT_LOC_STRINGS = YES;
				TARGETED_DEVICE_FAMILY = "1,2";
			};
			name = Debug;
		};
		33BCE9F4295DABFE00F1C094 /* Release */ = {
			isa = XCBuildConfiguration;
			buildSettings = {
				ASSETCATALOG_COMPILER_APPICON_NAME = AppIcon;
				ASSETCATALOG_COMPILER_GLOBAL_ACCENT_COLOR_NAME = AccentColor;
				CODE_SIGN_STYLE = Automatic;
				CURRENT_PROJECT_VERSION = 1;
				DEVELOPMENT_TEAM = L5RH7482C6;
				GENERATE_INFOPLIST_FILE = YES;
				INFOPLIST_FILE = BMOUISearchController/Info.plist;
				INFOPLIST_KEY_UIApplicationSupportsIndirectInputEvents = YES;
				INFOPLIST_KEY_UILaunchStoryboardName = LaunchScreen;
				INFOPLIST_KEY_UIMainStoryboardFile = Main;
				INFOPLIST_KEY_UISupportedInterfaceOrientations_iPad = "UIInterfaceOrientationPortrait UIInterfaceOrientationPortraitUpsideDown UIInterfaceOrientationLandscapeLeft UIInterfaceOrientationLandscapeRight";
				INFOPLIST_KEY_UISupportedInterfaceOrientations_iPhone = "UIInterfaceOrientationPortrait UIInterfaceOrientationLandscapeLeft UIInterfaceOrientationLandscapeRight";
				IPHONEOS_DEPLOYMENT_TARGET = 13.0;
				LD_RUNPATH_SEARCH_PATHS = (
					"$(inherited)",
					"@executable_path/Frameworks",
				);
				MARKETING_VERSION = 1.0;
				PRODUCT_BUNDLE_IDENTIFIER = com.ProgramasBMO.BMOUISearchController;
				PRODUCT_NAME = "$(TARGET_NAME)";
				SWIFT_EMIT_LOC_STRINGS = YES;
				TARGETED_DEVICE_FAMILY = "1,2";
			};
			name = Release;
		};
/* End XCBuildConfiguration section */

/* Begin XCConfigurationList section */
		33BCE9D4295DABFD00F1C094 /* Build configuration list for PBXProject "BMOUISearchController" */ = {
			isa = XCConfigurationList;
			buildConfigurations = (
				33BCE9F0295DABFE00F1C094 /* Debug */,
				33BCE9F1295DABFE00F1C094 /* Release */,
			);
			defaultConfigurationIsVisible = 0;
			defaultConfigurationName = Release;
		};
		33BCE9F2295DABFE00F1C094 /* Build configuration list for PBXNativeTarget "BMOUISearchController" */ = {
			isa = XCConfigurationList;
			buildConfigurations = (
				33BCE9F3295DABFE00F1C094 /* Debug */,
				33BCE9F4295DABFE00F1C094 /* Release */,
			);
			defaultConfigurationIsVisible = 0;
			defaultConfigurationName = Release;
		};
/* End XCConfigurationList section */
	};
	rootObject = 33BCE9D1295DABFD00F1C094 /* Project object */;
}
